
Microsoft Visual Studio Solution File, Format Version 12.00
# Visual Studio Version 16
VisualStudioVersion = 16.0.29209.152
MinimumVisualStudioVersion = 10.0.40219.1
Project("{2150E333-8FDC-42A3-9474-1A3956D46DE8}") = "src", "src", "{AFAA0841-BD93-466F-B8F4-FB4EEC86F1FC}"
EndProject
Project("{2150E333-8FDC-42A3-9474-1A3956D46DE8}") = "test", "test", "{F10AA149-2626-486E-85BB-9CD5365F3016}"
EndProject
Project("{2150E333-8FDC-42A3-9474-1A3956D46DE8}") = "component", "component", "{4B8C8D43-CD7E-4437-9E37-5A837F94E58C}"
EndProject
Project("{2150E333-8FDC-42A3-9474-1A3956D46DE8}") = "module", "module", "{3CF62FED-3450-4901-AFE9-87FAC380DBE5}"
EndProject
Project("{FAE04EC0-301F-11D3-BF4B-00C04F79EFBC}") = "MMK.SmartSystem.Laser.Base", "component\MMK.SmartSystem.Laser.Base\MMK.SmartSystem.Laser.Base.csproj", "{AF2E35AB-6D27-430C-89B6-103FD7043600}"
EndProject
Project("{2150E333-8FDC-42A3-9474-1A3956D46DE8}") = "Common", "Common", "{864163C4-39FA-4765-BCCC-F52AED35DC0B}"
EndProject
Project("{FAE04EC0-301F-11D3-BF4B-00C04F79EFBC}") = "MMK.SmartSystem.Common", "Common\MMK.SmartSystem.Common\MMK.SmartSystem.Common.csproj", "{233A97DF-08B0-4635-B0DC-231F84AB10C5}"
EndProject
Project("{FAE04EC0-301F-11D3-BF4B-00C04F79EFBC}") = "MMK.SmartSystem.CommonTests", "test\MMK.SmartSystem.CommonTests\MMK.SmartSystem.CommonTests.csproj", "{D50D8CA2-183D-4492-8E97-EBC9909E3129}"
EndProject
Project("{9A19103F-16F7-4668-BE54-9A1E7A4F7556}") = "MMK.SmartSystem.Core", "src\MMK.SmartSystem.Core\MMK.SmartSystem.Core.csproj", "{3C419326-6465-4755-9388-2245D864B7BB}"
EndProject
Project("{9A19103F-16F7-4668-BE54-9A1E7A4F7556}") = "MMK.SmartSystem.EntityFrameworkCore", "src\MMK.SmartSystem.EntityFrameworkCore\MMK.SmartSystem.EntityFrameworkCore.csproj", "{90498323-4836-4342-BA70-8F7DD005F7C9}"
EndProject
Project("{9A19103F-16F7-4668-BE54-9A1E7A4F7556}") = "MMK.SmartSystem.Migrator", "src\MMK.SmartSystem.Migrator\MMK.SmartSystem.Migrator.csproj", "{16241911-5EFD-4E51-842A-61B89CFDC914}"
EndProject
Project("{9A19103F-16F7-4668-BE54-9A1E7A4F7556}") = "MMK.SmartSystem.Web.Core", "src\MMK.SmartSystem.Web.Core\MMK.SmartSystem.Web.Core.csproj", "{6F82C82A-86BC-4AC6-BF40-C9FEC4E5833B}"
EndProject
Project("{9A19103F-16F7-4668-BE54-9A1E7A4F7556}") = "MMK.SmartSystem.Web.Host", "src\MMK.SmartSystem.Web.Host\MMK.SmartSystem.Web.Host.csproj", "{0601A404-A623-4CE3-92FC-4127EFEEC2DA}"
EndProject
Project("{9A19103F-16F7-4668-BE54-9A1E7A4F7556}") = "MMK.CNC.Core", "module\MMK.CNC.Core\MMK.CNC.Core.csproj", "{F8B889D6-3C4A-43BC-9349-6F9BD5FA4249}"
EndProject
Project("{9A19103F-16F7-4668-BE54-9A1E7A4F7556}") = "MMK.CNC.Application", "module\MMK.CNC.Application\MMK.CNC.Application.csproj", "{4C6C8994-39BE-4D11-A7C5-15F429C479D8}"
EndProject
Project("{2150E333-8FDC-42A3-9474-1A3956D46DE8}") = "client", "client", "{984C2D88-5C21-42AC-AC91-5A08FB80E2A7}"
EndProject
Project("{FAE04EC0-301F-11D3-BF4B-00C04F79EFBC}") = "MMK.SmartSystem.LE.Host", "client\MMK.SmartSystem.LE.Host\MMK.SmartSystem.LE.Host.csproj", "{67FEE39F-ED71-4EB1-B5D2-549BFE2A8971}"
EndProject
Project("{9A19103F-16F7-4668-BE54-9A1E7A4F7556}") = "MMK.SmartSystem.RealTime", "src\MMK.SmartSystem.RealTime\MMK.SmartSystem.RealTime.csproj", "{6A58AB18-9F7C-4C69-93E8-1F22899AC2B2}"
EndProject
Project("{9A19103F-16F7-4668-BE54-9A1E7A4F7556}") = "MMK.SmartSystem.WebCommon", "src\MMK.SmartSystem.WebCommon\MMK.SmartSystem.WebCommon.csproj", "{A7A51F2B-A45E-489D-B8B2-2A42BAAD8E1B}"
EndProject
Project("{FAE04EC0-301F-11D3-BF4B-00C04F79EFBC}") = "MMK.SmartSystem.CNC.Host", "client\MMK.SmartSystem.CNC.Host\MMK.SmartSystem.CNC.Host.csproj", "{8C1C960A-5737-4519-A34B-9E205C30E24C}"
EndProject
Project("{FAE04EC0-301F-11D3-BF4B-00C04F79EFBC}") = "MMK.SmartSystem.CNC.Core", "src\MMK.SmartSystem.CNC.Core\MMK.SmartSystem.CNC.Core.csproj", "{03691217-6B26-479F-916D-DF3FD2193BCD}"
EndProject
Project("{9A19103F-16F7-4668-BE54-9A1E7A4F7556}") = "MMK.SmartSystem.Application", "src\MMK.SmartSystem.Application\MMK.SmartSystem.Application.csproj", "{AEB8FD9E-4C93-4594-8A27-3F3E690C2CB2}"
EndProject
Project("{FAE04EC0-301F-11D3-BF4B-00C04F79EFBC}") = "ICSharpCode.AvalonEdit", "component\ICSharpCode.AvalonEdit\ICSharpCode.AvalonEdit.csproj", "{6C55B776-26D4-4DB3-A6AB-87E783B2F3D1}"
EndProject
Global
	GlobalSection(SolutionConfigurationPlatforms) = preSolution
		Debug|Any CPU = Debug|Any CPU
		Release|Any CPU = Release|Any CPU
	EndGlobalSection
	GlobalSection(ProjectConfigurationPlatforms) = postSolution
		{AF2E35AB-6D27-430C-89B6-103FD7043600}.Debug|Any CPU.ActiveCfg = Debug|Any CPU
		{AF2E35AB-6D27-430C-89B6-103FD7043600}.Debug|Any CPU.Build.0 = Debug|Any CPU
		{AF2E35AB-6D27-430C-89B6-103FD7043600}.Release|Any CPU.ActiveCfg = Release|Any CPU
		{AF2E35AB-6D27-430C-89B6-103FD7043600}.Release|Any CPU.Build.0 = Release|Any CPU
		{233A97DF-08B0-4635-B0DC-231F84AB10C5}.Debug|Any CPU.ActiveCfg = Debug|Any CPU
		{233A97DF-08B0-4635-B0DC-231F84AB10C5}.Debug|Any CPU.Build.0 = Debug|Any CPU
		{233A97DF-08B0-4635-B0DC-231F84AB10C5}.Release|Any CPU.ActiveCfg = Release|Any CPU
		{233A97DF-08B0-4635-B0DC-231F84AB10C5}.Release|Any CPU.Build.0 = Release|Any CPU
		{D50D8CA2-183D-4492-8E97-EBC9909E3129}.Debug|Any CPU.ActiveCfg = Debug|Any CPU
		{D50D8CA2-183D-4492-8E97-EBC9909E3129}.Debug|Any CPU.Build.0 = Debug|Any CPU
		{D50D8CA2-183D-4492-8E97-EBC9909E3129}.Release|Any CPU.ActiveCfg = Release|Any CPU
		{D50D8CA2-183D-4492-8E97-EBC9909E3129}.Release|Any CPU.Build.0 = Release|Any CPU
		{3C419326-6465-4755-9388-2245D864B7BB}.Debug|Any CPU.ActiveCfg = Debug|Any CPU
		{3C419326-6465-4755-9388-2245D864B7BB}.Debug|Any CPU.Build.0 = Debug|Any CPU
		{3C419326-6465-4755-9388-2245D864B7BB}.Release|Any CPU.ActiveCfg = Release|Any CPU
		{3C419326-6465-4755-9388-2245D864B7BB}.Release|Any CPU.Build.0 = Release|Any CPU
		{90498323-4836-4342-BA70-8F7DD005F7C9}.Debug|Any CPU.ActiveCfg = Debug|Any CPU
		{90498323-4836-4342-BA70-8F7DD005F7C9}.Debug|Any CPU.Build.0 = Debug|Any CPU
		{90498323-4836-4342-BA70-8F7DD005F7C9}.Release|Any CPU.ActiveCfg = Release|Any CPU
		{90498323-4836-4342-BA70-8F7DD005F7C9}.Release|Any CPU.Build.0 = Release|Any CPU
		{16241911-5EFD-4E51-842A-61B89CFDC914}.Debug|Any CPU.ActiveCfg = Debug|Any CPU
		{16241911-5EFD-4E51-842A-61B89CFDC914}.Debug|Any CPU.Build.0 = Debug|Any CPU
		{16241911-5EFD-4E51-842A-61B89CFDC914}.Release|Any CPU.ActiveCfg = Release|Any CPU
		{16241911-5EFD-4E51-842A-61B89CFDC914}.Release|Any CPU.Build.0 = Release|Any CPU
		{6F82C82A-86BC-4AC6-BF40-C9FEC4E5833B}.Debug|Any CPU.ActiveCfg = Debug|Any CPU
		{6F82C82A-86BC-4AC6-BF40-C9FEC4E5833B}.Debug|Any CPU.Build.0 = Debug|Any CPU
		{6F82C82A-86BC-4AC6-BF40-C9FEC4E5833B}.Release|Any CPU.ActiveCfg = Release|Any CPU
		{6F82C82A-86BC-4AC6-BF40-C9FEC4E5833B}.Release|Any CPU.Build.0 = Release|Any CPU
		{0601A404-A623-4CE3-92FC-4127EFEEC2DA}.Debug|Any CPU.ActiveCfg = Debug|Any CPU
		{0601A404-A623-4CE3-92FC-4127EFEEC2DA}.Debug|Any CPU.Build.0 = Debug|Any CPU
		{0601A404-A623-4CE3-92FC-4127EFEEC2DA}.Release|Any CPU.ActiveCfg = Release|Any CPU
		{0601A404-A623-4CE3-92FC-4127EFEEC2DA}.Release|Any CPU.Build.0 = Release|Any CPU
		{F8B889D6-3C4A-43BC-9349-6F9BD5FA4249}.Debug|Any CPU.ActiveCfg = Debug|Any CPU
		{F8B889D6-3C4A-43BC-9349-6F9BD5FA4249}.Debug|Any CPU.Build.0 = Debug|Any CPU
		{F8B889D6-3C4A-43BC-9349-6F9BD5FA4249}.Release|Any CPU.ActiveCfg = Release|Any CPU
		{F8B889D6-3C4A-43BC-9349-6F9BD5FA4249}.Release|Any CPU.Build.0 = Release|Any CPU
		{4C6C8994-39BE-4D11-A7C5-15F429C479D8}.Debug|Any CPU.ActiveCfg = Debug|Any CPU
		{4C6C8994-39BE-4D11-A7C5-15F429C479D8}.Debug|Any CPU.Build.0 = Debug|Any CPU
		{4C6C8994-39BE-4D11-A7C5-15F429C479D8}.Release|Any CPU.ActiveCfg = Release|Any CPU
		{4C6C8994-39BE-4D11-A7C5-15F429C479D8}.Release|Any CPU.Build.0 = Release|Any CPU
		{67FEE39F-ED71-4EB1-B5D2-549BFE2A8971}.Debug|Any CPU.ActiveCfg = Debug|Any CPU
		{67FEE39F-ED71-4EB1-B5D2-549BFE2A8971}.Debug|Any CPU.Build.0 = Debug|Any CPU
		{67FEE39F-ED71-4EB1-B5D2-549BFE2A8971}.Release|Any CPU.ActiveCfg = Release|Any CPU
		{67FEE39F-ED71-4EB1-B5D2-549BFE2A8971}.Release|Any CPU.Build.0 = Release|Any CPU
		{6A58AB18-9F7C-4C69-93E8-1F22899AC2B2}.Debug|Any CPU.ActiveCfg = Debug|Any CPU
		{6A58AB18-9F7C-4C69-93E8-1F22899AC2B2}.Debug|Any CPU.Build.0 = Debug|Any CPU
		{6A58AB18-9F7C-4C69-93E8-1F22899AC2B2}.Release|Any CPU.ActiveCfg = Release|Any CPU
		{6A58AB18-9F7C-4C69-93E8-1F22899AC2B2}.Release|Any CPU.Build.0 = Release|Any CPU
		{A7A51F2B-A45E-489D-B8B2-2A42BAAD8E1B}.Debug|Any CPU.ActiveCfg = Debug|Any CPU
		{A7A51F2B-A45E-489D-B8B2-2A42BAAD8E1B}.Debug|Any CPU.Build.0 = Debug|Any CPU
		{A7A51F2B-A45E-489D-B8B2-2A42BAAD8E1B}.Release|Any CPU.ActiveCfg = Release|Any CPU
		{A7A51F2B-A45E-489D-B8B2-2A42BAAD8E1B}.Release|Any CPU.Build.0 = Release|Any CPU
		{8C1C960A-5737-4519-A34B-9E205C30E24C}.Debug|Any CPU.ActiveCfg = Debug|Any CPU
		{8C1C960A-5737-4519-A34B-9E205C30E24C}.Debug|Any CPU.Build.0 = Debug|Any CPU
		{8C1C960A-5737-4519-A34B-9E205C30E24C}.Release|Any CPU.ActiveCfg = Release|Any CPU
		{8C1C960A-5737-4519-A34B-9E205C30E24C}.Release|Any CPU.Build.0 = Release|Any CPU
		{03691217-6B26-479F-916D-DF3FD2193BCD}.Debug|Any CPU.ActiveCfg = Debug|Any CPU
		{03691217-6B26-479F-916D-DF3FD2193BCD}.Debug|Any CPU.Build.0 = Debug|Any CPU
		{03691217-6B26-479F-916D-DF3FD2193BCD}.Release|Any CPU.ActiveCfg = Release|Any CPU
		{03691217-6B26-479F-916D-DF3FD2193BCD}.Release|Any CPU.Build.0 = Release|Any CPU
		{AEB8FD9E-4C93-4594-8A27-3F3E690C2CB2}.Debug|Any CPU.ActiveCfg = Debug|Any CPU
		{AEB8FD9E-4C93-4594-8A27-3F3E690C2CB2}.Debug|Any CPU.Build.0 = Debug|Any CPU
		{AEB8FD9E-4C93-4594-8A27-3F3E690C2CB2}.Release|Any CPU.ActiveCfg = Release|Any CPU
		{AEB8FD9E-4C93-4594-8A27-3F3E690C2CB2}.Release|Any CPU.Build.0 = Release|Any CPU
		{6C55B776-26D4-4DB3-A6AB-87E783B2F3D1}.Debug|Any CPU.ActiveCfg = Debug|Any CPU
		{6C55B776-26D4-4DB3-A6AB-87E783B2F3D1}.Debug|Any CPU.Build.0 = Debug|Any CPU
		{6C55B776-26D4-4DB3-A6AB-87E783B2F3D1}.Release|Any CPU.ActiveCfg = Release|Any CPU
		{6C55B776-26D4-4DB3-A6AB-87E783B2F3D1}.Release|Any CPU.Build.0 = Release|Any CPU
	EndGlobalSection
	GlobalSection(SolutionProperties) = preSolution
		HideSolutionNode = FALSE
	EndGlobalSection
	GlobalSection(NestedProjects) = preSolution
		{AF2E35AB-6D27-430C-89B6-103FD7043600} = {4B8C8D43-CD7E-4437-9E37-5A837F94E58C}
		{233A97DF-08B0-4635-B0DC-231F84AB10C5} = {864163C4-39FA-4765-BCCC-F52AED35DC0B}
		{D50D8CA2-183D-4492-8E97-EBC9909E3129} = {F10AA149-2626-486E-85BB-9CD5365F3016}
		{3C419326-6465-4755-9388-2245D864B7BB} = {AFAA0841-BD93-466F-B8F4-FB4EEC86F1FC}
		{90498323-4836-4342-BA70-8F7DD005F7C9} = {AFAA0841-BD93-466F-B8F4-FB4EEC86F1FC}
		{16241911-5EFD-4E51-842A-61B89CFDC914} = {AFAA0841-BD93-466F-B8F4-FB4EEC86F1FC}
		{6F82C82A-86BC-4AC6-BF40-C9FEC4E5833B} = {AFAA0841-BD93-466F-B8F4-FB4EEC86F1FC}
		{0601A404-A623-4CE3-92FC-4127EFEEC2DA} = {AFAA0841-BD93-466F-B8F4-FB4EEC86F1FC}
		{F8B889D6-3C4A-43BC-9349-6F9BD5FA4249} = {3CF62FED-3450-4901-AFE9-87FAC380DBE5}
		{4C6C8994-39BE-4D11-A7C5-15F429C479D8} = {3CF62FED-3450-4901-AFE9-87FAC380DBE5}
		{67FEE39F-ED71-4EB1-B5D2-549BFE2A8971} = {984C2D88-5C21-42AC-AC91-5A08FB80E2A7}
		{6A58AB18-9F7C-4C69-93E8-1F22899AC2B2} = {AFAA0841-BD93-466F-B8F4-FB4EEC86F1FC}
		{A7A51F2B-A45E-489D-B8B2-2A42BAAD8E1B} = {AFAA0841-BD93-466F-B8F4-FB4EEC86F1FC}
		{8C1C960A-5737-4519-A34B-9E205C30E24C} = {984C2D88-5C21-42AC-AC91-5A08FB80E2A7}
		{03691217-6B26-479F-916D-DF3FD2193BCD} = {AFAA0841-BD93-466F-B8F4-FB4EEC86F1FC}
		{AEB8FD9E-4C93-4594-8A27-3F3E690C2CB2} = {AFAA0841-BD93-466F-B8F4-FB4EEC86F1FC}
		{6C55B776-26D4-4DB3-A6AB-87E783B2F3D1} = {4B8C8D43-CD7E-4437-9E37-5A837F94E58C}
	EndGlobalSection
	GlobalSection(ExtensibilityGlobals) = postSolution
		SolutionGuid = {46F0D01D-7356-4F09-B29B-66BBD58A207F}
	EndGlobalSection
EndGlobal
